
Microsoft Visual Studio Solution File, Format Version 12.00
# Visual Studio Version 17
VisualStudioVersion = 17.1.32210.238
MinimumVisualStudioVersion = 10.0.40219.1
Project("{8BC9CEB8-8B4A-11D0-8D11-00A0C91BC942}") = "BOJ_21631", "BOJ_21631.vcxproj", "{173B70B8-F61A-4B7C-A80D-1D9B3D00345C}"
EndProject
Global
	GlobalSection(SolutionConfigurationPlatforms) = preSolution
		Debug|x64 = Debug|x64
		Release|x64 = Release|x64
	EndGlobalSection
	GlobalSection(ProjectConfigurationPlatforms) = postSolution
		{173B70B8-F61A-4B7C-A80D-1D9B3D00345C}.Debug|x64.ActiveCfg = Debug|x64
		{173B70B8-F61A-4B7C-A80D-1D9B3D00345C}.Debug|x64.Build.0 = Debug|x64
		{173B70B8-F61A-4B7C-A80D-1D9B3D00345C}.Release|x64.ActiveCfg = Release|x64
		{173B70B8-F61A-4B7C-A80D-1D9B3D00345C}.Release|x64.Build.0 = Release|x64
	EndGlobalSection
	GlobalSection(SolutionProperties) = preSolution
		HideSolutionNode = FALSE
	EndGlobalSection
	GlobalSection(ExtensibilityGlobals) = postSolution
		SolutionGuid = {14A34A46-3FFD-4D5D-A00A-01DE81A38468}
	EndGlobalSection
EndGlobal
